
Microsoft Visual Studio Solution File, Format Version 12.00
# Visual Studio Version 16
VisualStudioVersion = 16.0.30320.27
MinimumVisualStudioVersion = 10.0.40219.1
Project("{FAE04EC0-301F-11D3-BF4B-00C04F79EFBC}") = "SmRecipeModifier", "SmRecipeModifier\SmRecipeModifier.csproj", "{0BD73CBB-ED11-4852-AC1D-232C6EA6ED9D}"
EndProject
Global
	GlobalSection(SolutionConfigurationPlatforms) = preSolution
		Debug|Any CPU = Debug|Any CPU
		Release|Any CPU = Release|Any CPU
	EndGlobalSection
	GlobalSection(ProjectConfigurationPlatforms) = postSolution
		{0BD73CBB-ED11-4852-AC1D-232C6EA6ED9D}.Debug|Any CPU.ActiveCfg = Debug|Any CPU
		{0BD73CBB-ED11-4852-AC1D-232C6EA6ED9D}.Debug|Any CPU.Build.0 = Debug|Any CPU
		{0BD73CBB-ED11-4852-AC1D-232C6EA6ED9D}.Release|Any CPU.ActiveCfg = Release|Any CPU
		{0BD73CBB-ED11-4852-AC1D-232C6EA6ED9D}.Release|Any CPU.Build.0 = Release|Any CPU
	EndGlobalSection
	GlobalSection(SolutionProperties) = preSolution
		HideSolutionNode = FALSE
	EndGlobalSection
	GlobalSection(ExtensibilityGlobals) = postSolution
		SolutionGuid = {6EC4571F-123B-47EE-B7E5-C76C8CBF7F7D}
	EndGlobalSection
EndGlobal
