
Microsoft Visual Studio Solution File, Format Version 12.00
Project("{FAE04EC0-301F-11D3-BF4B-00C04F79EFBC}") = "SmRecipeModifier", "SmRecipeModifier\SmRecipeModifier.csproj", "{52CDB1DE-A02A-47C3-94F5-0F6172D0B75E}"
EndProject
Global
	GlobalSection(SolutionConfigurationPlatforms) = preSolution
		Debug|Any CPU = Debug|Any CPU
		Release|Any CPU = Release|Any CPU
	EndGlobalSection
	GlobalSection(ProjectConfigurationPlatforms) = postSolution
		{52CDB1DE-A02A-47C3-94F5-0F6172D0B75E}.Debug|Any CPU.ActiveCfg = Debug|Any CPU
		{52CDB1DE-A02A-47C3-94F5-0F6172D0B75E}.Debug|Any CPU.Build.0 = Debug|Any CPU
		{52CDB1DE-A02A-47C3-94F5-0F6172D0B75E}.Release|Any CPU.ActiveCfg = Release|Any CPU
		{52CDB1DE-A02A-47C3-94F5-0F6172D0B75E}.Release|Any CPU.Build.0 = Release|Any CPU
	EndGlobalSection
EndGlobal
