
Microsoft Visual Studio Solution File, Format Version 12.00
# Visual Studio Version 16
VisualStudioVersion = 16.0.30114.105
MinimumVisualStudioVersion = 10.0.40219.1
Project("{9A19103F-16F7-4668-BE54-9A1E7A4F7556}") = "SmRecipeModifier", "SmRecipeModifier\SmRecipeModifier.csproj", "{4745DCA3-FF5B-4C06-A015-D64CA983F90C}"
EndProject
Global
	GlobalSection(SolutionConfigurationPlatforms) = preSolution
		Debug|Any CPU = Debug|Any CPU
		Release|Any CPU = Release|Any CPU
	EndGlobalSection
	GlobalSection(ProjectConfigurationPlatforms) = postSolution
		{4745DCA3-FF5B-4C06-A015-D64CA983F90C}.Debug|Any CPU.ActiveCfg = Debug|Any CPU
		{4745DCA3-FF5B-4C06-A015-D64CA983F90C}.Debug|Any CPU.Build.0 = Debug|Any CPU
		{4745DCA3-FF5B-4C06-A015-D64CA983F90C}.Release|Any CPU.ActiveCfg = Release|Any CPU
		{4745DCA3-FF5B-4C06-A015-D64CA983F90C}.Release|Any CPU.Build.0 = Release|Any CPU
	EndGlobalSection
	GlobalSection(SolutionProperties) = preSolution
		HideSolutionNode = FALSE
	EndGlobalSection
	GlobalSection(ExtensibilityGlobals) = postSolution
		SolutionGuid = {7372DA2F-88A5-43D7-A7C0-68E4A8FF4995}
	EndGlobalSection
EndGlobal
